// !$*UTF8*$!
{
	archiveVersion = 1;
	classes = {
	};
	objectVersion = 56;
	objects = {

/* Begin PBXBuildFile section */
		4205BBBE2EA5E2AB00BE1FFD /* PhotoDTOs.swift in Sources */ = {isa = PBXBuildFile; fileRef = 4205BBBD2EA5E2A700BE1FFD /* PhotoDTOs.swift */; };
		4205BBC02EA5E2D700BE1FFD /* PhotoMapper.swift in Sources */ = {isa = PBXBuildFile; fileRef = 4205BBBF2EA5E2D100BE1FFD /* PhotoMapper.swift */; };
		4205BBC62EA5E82700BE1FFD /* URLRequest+Ex.swift in Sources */ = {isa = PBXBuildFile; fileRef = 4205BBC52EA5E82000BE1FFD /* URLRequest+Ex.swift */; };
		4205BBC92EA5E8DF00BE1FFD /* PhotoApi.swift in Sources */ = {isa = PBXBuildFile; fileRef = 4205BBC82EA5E8D000BE1FFD /* PhotoApi.swift */; };
		424D359F2DCF4F6E00ADD05B /* PhotoUseCase.swift in Sources */ = {isa = PBXBuildFile; fileRef = 424D359E2DCF4F6000ADD05B /* PhotoUseCase.swift */; };
		424D35A12DCF508400ADD05B /* PhotoUseCaseProvider.swift in Sources */ = {isa = PBXBuildFile; fileRef = 424D35A02DCF508200ADD05B /* PhotoUseCaseProvider.swift */; };
		424D35A32DCF51E600ADD05B /* APIPhotoUsecaseProvider.swift in Sources */ = {isa = PBXBuildFile; fileRef = 424D35A22DCF51E600ADD05B /* APIPhotoUsecaseProvider.swift */; };
		424D35A82DCF67F400ADD05B /* Content-Type.swift in Sources */ = {isa = PBXBuildFile; fileRef = 424D35A72DCF67E600ADD05B /* Content-Type.swift */; };
		424D35AA2DCF68B700ADD05B /* HeaderField.swift in Sources */ = {isa = PBXBuildFile; fileRef = 424D35A92DCF68B500ADD05B /* HeaderField.swift */; };
		424D35AC2DCFAC8200ADD05B /* BaseViewController.swift in Sources */ = {isa = PBXBuildFile; fileRef = 424D35AB2DCFAC8200ADD05B /* BaseViewController.swift */; };
		424D35AE2DD2E4D100ADD05B /* UIButton+Combine.swift in Sources */ = {isa = PBXBuildFile; fileRef = 424D35AD2DD2E4CB00ADD05B /* UIButton+Combine.swift */; };
		424D35B02DD2EC4500ADD05B /* UISwitch+Combine.swift in Sources */ = {isa = PBXBuildFile; fileRef = 424D35AF2DD2EC4500ADD05B /* UISwitch+Combine.swift */; };
		424D35B32DD2EF3D00ADD05B /* TextField+Combine.swift in Sources */ = {isa = PBXBuildFile; fileRef = 424D35B22DD2EF3600ADD05B /* TextField+Combine.swift */; };
		424D35B52DD2F59200ADD05B /* SearchBar+Combine.swift in Sources */ = {isa = PBXBuildFile; fileRef = 424D35B42DD2F58B00ADD05B /* SearchBar+Combine.swift */; };
		424D35B72DD382A400ADD05B /* SearchBarMultiplexer+Combine.swift in Sources */ = {isa = PBXBuildFile; fileRef = 424D35B62DD3828A00ADD05B /* SearchBarMultiplexer+Combine.swift */; };
		42A939772E7D992400E707A7 /* ViewModelType.swift in Sources */ = {isa = PBXBuildFile; fileRef = 42A939762E7D991E00E707A7 /* ViewModelType.swift */; };
		42A939792E7FBD0100E707A7 /* UIViewEx.swift in Sources */ = {isa = PBXBuildFile; fileRef = 42A939782E7FBCFD00E707A7 /* UIViewEx.swift */; };
		42A9397B2E7FD53400E707A7 /* TrackErrors.swift in Sources */ = {isa = PBXBuildFile; fileRef = 42A9397A2E7FD53000E707A7 /* TrackErrors.swift */; };
		42BB1DE92DCB1F7F003AAD9B /* DomainAPIsError.swift in Sources */ = {isa = PBXBuildFile; fileRef = 42BB1DE82DCB1F78003AAD9B /* DomainAPIsError.swift */; };
		42BB1DEC2DCB1FD7003AAD9B /* ImageDownloader.swift in Sources */ = {isa = PBXBuildFile; fileRef = 42BB1DEB2DCB1FD4003AAD9B /* ImageDownloader.swift */; };
		42BB1DF02DCB5512003AAD9B /* CustomeLoading.swift in Sources */ = {isa = PBXBuildFile; fileRef = 42BB1DEF2DCB550D003AAD9B /* CustomeLoading.swift */; };
		42CBE1112EAB9B9100580EAB /* GraphicRecommend.swift in Sources */ = {isa = PBXBuildFile; fileRef = 42CBE1102EAB9B8600580EAB /* GraphicRecommend.swift */; };
		42CBE1132EABBB3600580EAB /* DomainImageError.swift in Sources */ = {isa = PBXBuildFile; fileRef = 42CBE1122EABBB2D00580EAB /* DomainImageError.swift */; };
		42CBE1172EB3644E00580EAB /* PinningSessionDelegate.swift in Sources */ = {isa = PBXBuildFile; fileRef = 42CBE1162EB3644D00580EAB /* PinningSessionDelegate.swift */; };
		B11BAA8F2D0FF96700F50D79 /* AppDelegate.swift in Sources */ = {isa = PBXBuildFile; fileRef = B11BAA8E2D0FF96700F50D79 /* AppDelegate.swift */; };
		B11BAA982D0FF96D00F50D79 /* Assets.xcassets in Resources */ = {isa = PBXBuildFile; fileRef = B11BAA972D0FF96D00F50D79 /* Assets.xcassets */; };
		B11BAA9B2D0FF96D00F50D79 /* Base in Resources */ = {isa = PBXBuildFile; fileRef = B11BAA9A2D0FF96D00F50D79 /* Base */; };
		B11BAAA62D0FF96E00F50D79 /* ListPhotoTests.swift in Sources */ = {isa = PBXBuildFile; fileRef = B11BAAA52D0FF96E00F50D79 /* ListPhotoTests.swift */; };
		B11BAAB02D0FF96F00F50D79 /* ListPhotoUITests.swift in Sources */ = {isa = PBXBuildFile; fileRef = B11BAAAF2D0FF96F00F50D79 /* ListPhotoUITests.swift */; };
		B11BAAB22D0FF96F00F50D79 /* ListPhotoUITestsLaunchTests.swift in Sources */ = {isa = PBXBuildFile; fileRef = B11BAAB12D0FF96F00F50D79 /* ListPhotoUITestsLaunchTests.swift */; };
		B11BAAC22D0FFAF900F50D79 /* WelcomeViewController.swift in Sources */ = {isa = PBXBuildFile; fileRef = B11BAAC12D0FFAF900F50D79 /* WelcomeViewController.swift */; };
		B11BAACC2D0FFE2900F50D79 /* ListPhotoViewController.swift in Sources */ = {isa = PBXBuildFile; fileRef = B11BAACB2D0FFE2900F50D79 /* ListPhotoViewController.swift */; };
		B11BAACE2D0FFE5900F50D79 /* GenerateListNavigator.swift in Sources */ = {isa = PBXBuildFile; fileRef = B11BAACD2D0FFE5900F50D79 /* GenerateListNavigator.swift */; };
		B11BAAD02D0FFE6C00F50D79 /* PhotoViewModel.swift in Sources */ = {isa = PBXBuildFile; fileRef = B11BAACF2D0FFE6C00F50D79 /* PhotoViewModel.swift */; };
		B11BAAD22D10060A00F50D79 /* PhotoModel.swift in Sources */ = {isa = PBXBuildFile; fileRef = B11BAAD12D10060A00F50D79 /* PhotoModel.swift */; };
		B11BAAD42D1006D100F50D79 /* APIEnviroments.swift in Sources */ = {isa = PBXBuildFile; fileRef = B11BAAD32D1006D100F50D79 /* APIEnviroments.swift */; };
		B11BAAD62D10072200F50D79 /* APIRequest.swift in Sources */ = {isa = PBXBuildFile; fileRef = B11BAAD52D10072200F50D79 /* APIRequest.swift */; };
		B11BAAD82D101BFB00F50D79 /* APIOperation.swift in Sources */ = {isa = PBXBuildFile; fileRef = B11BAAD72D101BFB00F50D79 /* APIOperation.swift */; };
		B11BAAE12D101D9200F50D79 /* PhotoTableViewCell.swift in Sources */ = {isa = PBXBuildFile; fileRef = B11BAAE02D101D9200F50D79 /* PhotoTableViewCell.swift */; };
		B11BAAE42D10235500F50D79 /* APIPhotoUsecase.swift in Sources */ = {isa = PBXBuildFile; fileRef = B11BAAE32D10235500F50D79 /* APIPhotoUsecase.swift */; };
		B11BAAE62D10243D00F50D79 /* UIImageView.swift in Sources */ = {isa = PBXBuildFile; fileRef = B11BAAE52D10243D00F50D79 /* UIImageView.swift */; };
		B11BAAE82D111A2C00F50D79 /* String.swift in Sources */ = {isa = PBXBuildFile; fileRef = B11BAAE72D111A2C00F50D79 /* String.swift */; };
		B11BAAF02D11A7FC00F50D79 /* Notification.swift in Sources */ = {isa = PBXBuildFile; fileRef = B11BAAEF2D11A7FC00F50D79 /* Notification.swift */; };
		B11BAAF32D11B00800F50D79 /* CustomIndicator.swift in Sources */ = {isa = PBXBuildFile; fileRef = B11BAAF22D11B00800F50D79 /* CustomIndicator.swift */; };
		B11BAAF62D12E30500F50D79 /* NetworkMonitor.swift in Sources */ = {isa = PBXBuildFile; fileRef = B11BAAF52D12E30500F50D79 /* NetworkMonitor.swift */; };
		B18F133B2D1369FD004F3BC1 /* SearchBarHelper.swift in Sources */ = {isa = PBXBuildFile; fileRef = B18F133A2D1369FD004F3BC1 /* SearchBarHelper.swift */; };
/* End PBXBuildFile section */

/* Begin PBXContainerItemProxy section */
		B11BAAA22D0FF96E00F50D79 /* PBXContainerItemProxy */ = {
			isa = PBXContainerItemProxy;
			containerPortal = B11BAA832D0FF96700F50D79 /* Project object */;
			proxyType = 1;
			remoteGlobalIDString = B11BAA8A2D0FF96700F50D79;
			remoteInfo = ListPhoto;
		};
		B11BAAAC2D0FF96F00F50D79 /* PBXContainerItemProxy */ = {
			isa = PBXContainerItemProxy;
			containerPortal = B11BAA832D0FF96700F50D79 /* Project object */;
			proxyType = 1;
			remoteGlobalIDString = B11BAA8A2D0FF96700F50D79;
			remoteInfo = ListPhoto;
		};
/* End PBXContainerItemProxy section */

/* Begin PBXFileReference section */
		4205BBBD2EA5E2A700BE1FFD /* PhotoDTOs.swift */ = {isa = PBXFileReference; lastKnownFileType = sourcecode.swift; path = PhotoDTOs.swift; sourceTree = "<group>"; };
		4205BBBF2EA5E2D100BE1FFD /* PhotoMapper.swift */ = {isa = PBXFileReference; lastKnownFileType = sourcecode.swift; path = PhotoMapper.swift; sourceTree = "<group>"; };
		4205BBC52EA5E82000BE1FFD /* URLRequest+Ex.swift */ = {isa = PBXFileReference; lastKnownFileType = sourcecode.swift; path = "URLRequest+Ex.swift"; sourceTree = "<group>"; };
		4205BBC82EA5E8D000BE1FFD /* PhotoApi.swift */ = {isa = PBXFileReference; lastKnownFileType = sourcecode.swift; path = PhotoApi.swift; sourceTree = "<group>"; };
		424D359E2DCF4F6000ADD05B /* PhotoUseCase.swift */ = {isa = PBXFileReference; lastKnownFileType = sourcecode.swift; path = PhotoUseCase.swift; sourceTree = "<group>"; };
		424D35A02DCF508200ADD05B /* PhotoUseCaseProvider.swift */ = {isa = PBXFileReference; lastKnownFileType = sourcecode.swift; path = PhotoUseCaseProvider.swift; sourceTree = "<group>"; };
		424D35A22DCF51E600ADD05B /* APIPhotoUsecaseProvider.swift */ = {isa = PBXFileReference; lastKnownFileType = sourcecode.swift; path = APIPhotoUsecaseProvider.swift; sourceTree = "<group>"; };
		424D35A72DCF67E600ADD05B /* Content-Type.swift */ = {isa = PBXFileReference; lastKnownFileType = sourcecode.swift; path = "Content-Type.swift"; sourceTree = "<group>"; };
		424D35A92DCF68B500ADD05B /* HeaderField.swift */ = {isa = PBXFileReference; lastKnownFileType = sourcecode.swift; path = HeaderField.swift; sourceTree = "<group>"; };
		424D35AB2DCFAC8200ADD05B /* BaseViewController.swift */ = {isa = PBXFileReference; lastKnownFileType = sourcecode.swift; path = BaseViewController.swift; sourceTree = "<group>"; };
		424D35AD2DD2E4CB00ADD05B /* UIButton+Combine.swift */ = {isa = PBXFileReference; lastKnownFileType = sourcecode.swift; path = "UIButton+Combine.swift"; sourceTree = "<group>"; };
		424D35AF2DD2EC4500ADD05B /* UISwitch+Combine.swift */ = {isa = PBXFileReference; lastKnownFileType = sourcecode.swift; path = "UISwitch+Combine.swift"; sourceTree = "<group>"; };
		424D35B22DD2EF3600ADD05B /* TextField+Combine.swift */ = {isa = PBXFileReference; lastKnownFileType = sourcecode.swift; path = "TextField+Combine.swift"; sourceTree = "<group>"; };
		424D35B42DD2F58B00ADD05B /* SearchBar+Combine.swift */ = {isa = PBXFileReference; lastKnownFileType = sourcecode.swift; path = "SearchBar+Combine.swift"; sourceTree = "<group>"; };
		424D35B62DD3828A00ADD05B /* SearchBarMultiplexer+Combine.swift */ = {isa = PBXFileReference; lastKnownFileType = sourcecode.swift; path = "SearchBarMultiplexer+Combine.swift"; sourceTree = "<group>"; };
		42A939762E7D991E00E707A7 /* ViewModelType.swift */ = {isa = PBXFileReference; lastKnownFileType = sourcecode.swift; path = ViewModelType.swift; sourceTree = "<group>"; };
		42A939782E7FBCFD00E707A7 /* UIViewEx.swift */ = {isa = PBXFileReference; lastKnownFileType = sourcecode.swift; path = UIViewEx.swift; sourceTree = "<group>"; };
		42A9397A2E7FD53000E707A7 /* TrackErrors.swift */ = {isa = PBXFileReference; lastKnownFileType = sourcecode.swift; path = TrackErrors.swift; sourceTree = "<group>"; };
		42BB1DE82DCB1F78003AAD9B /* DomainAPIsError.swift */ = {isa = PBXFileReference; lastKnownFileType = sourcecode.swift; path = DomainAPIsError.swift; sourceTree = "<group>"; };
		42BB1DEB2DCB1FD4003AAD9B /* ImageDownloader.swift */ = {isa = PBXFileReference; lastKnownFileType = sourcecode.swift; path = ImageDownloader.swift; sourceTree = "<group>"; };
		42BB1DEF2DCB550D003AAD9B /* CustomeLoading.swift */ = {isa = PBXFileReference; lastKnownFileType = sourcecode.swift; path = CustomeLoading.swift; sourceTree = "<group>"; };
		42CBE1102EAB9B8600580EAB /* GraphicRecommend.swift */ = {isa = PBXFileReference; lastKnownFileType = sourcecode.swift; path = GraphicRecommend.swift; sourceTree = "<group>"; };
		42CBE1122EABBB2D00580EAB /* DomainImageError.swift */ = {isa = PBXFileReference; lastKnownFileType = sourcecode.swift; path = DomainImageError.swift; sourceTree = "<group>"; };
		42CBE1162EB3644D00580EAB /* PinningSessionDelegate.swift */ = {isa = PBXFileReference; lastKnownFileType = sourcecode.swift; path = PinningSessionDelegate.swift; sourceTree = "<group>"; };
		B11BAA8B2D0FF96700F50D79 /* ListPhoto.app */ = {isa = PBXFileReference; explicitFileType = wrapper.application; includeInIndex = 0; path = ListPhoto.app; sourceTree = BUILT_PRODUCTS_DIR; };
		B11BAA8E2D0FF96700F50D79 /* AppDelegate.swift */ = {isa = PBXFileReference; lastKnownFileType = sourcecode.swift; path = AppDelegate.swift; sourceTree = "<group>"; };
		B11BAA972D0FF96D00F50D79 /* Assets.xcassets */ = {isa = PBXFileReference; lastKnownFileType = folder.assetcatalog; path = Assets.xcassets; sourceTree = "<group>"; };
		B11BAA9A2D0FF96D00F50D79 /* Base */ = {isa = PBXFileReference; lastKnownFileType = file.storyboard; name = Base; path = Base.lproj/LaunchScreen.storyboard; sourceTree = "<group>"; };
		B11BAA9C2D0FF96D00F50D79 /* Info.plist */ = {isa = PBXFileReference; lastKnownFileType = text.plist.xml; path = Info.plist; sourceTree = "<group>"; };
		B11BAAA12D0FF96E00F50D79 /* ListPhotoTests.xctest */ = {isa = PBXFileReference; explicitFileType = wrapper.cfbundle; includeInIndex = 0; path = ListPhotoTests.xctest; sourceTree = BUILT_PRODUCTS_DIR; };
		B11BAAA52D0FF96E00F50D79 /* ListPhotoTests.swift */ = {isa = PBXFileReference; lastKnownFileType = sourcecode.swift; path = ListPhotoTests.swift; sourceTree = "<group>"; };
		B11BAAAB2D0FF96F00F50D79 /* ListPhotoUITests.xctest */ = {isa = PBXFileReference; explicitFileType = wrapper.cfbundle; includeInIndex = 0; path = ListPhotoUITests.xctest; sourceTree = BUILT_PRODUCTS_DIR; };
		B11BAAAF2D0FF96F00F50D79 /* ListPhotoUITests.swift */ = {isa = PBXFileReference; lastKnownFileType = sourcecode.swift; path = ListPhotoUITests.swift; sourceTree = "<group>"; };
		B11BAAB12D0FF96F00F50D79 /* ListPhotoUITestsLaunchTests.swift */ = {isa = PBXFileReference; lastKnownFileType = sourcecode.swift; path = ListPhotoUITestsLaunchTests.swift; sourceTree = "<group>"; };
		B11BAAC12D0FFAF900F50D79 /* WelcomeViewController.swift */ = {isa = PBXFileReference; lastKnownFileType = sourcecode.swift; path = WelcomeViewController.swift; sourceTree = "<group>"; };
		B11BAACB2D0FFE2900F50D79 /* ListPhotoViewController.swift */ = {isa = PBXFileReference; lastKnownFileType = sourcecode.swift; path = ListPhotoViewController.swift; sourceTree = "<group>"; };
		B11BAACD2D0FFE5900F50D79 /* GenerateListNavigator.swift */ = {isa = PBXFileReference; lastKnownFileType = sourcecode.swift; path = GenerateListNavigator.swift; sourceTree = "<group>"; };
		B11BAACF2D0FFE6C00F50D79 /* PhotoViewModel.swift */ = {isa = PBXFileReference; lastKnownFileType = sourcecode.swift; path = PhotoViewModel.swift; sourceTree = "<group>"; };
		B11BAAD12D10060A00F50D79 /* PhotoModel.swift */ = {isa = PBXFileReference; lastKnownFileType = sourcecode.swift; path = PhotoModel.swift; sourceTree = "<group>"; };
		B11BAAD32D1006D100F50D79 /* APIEnviroments.swift */ = {isa = PBXFileReference; lastKnownFileType = sourcecode.swift; path = APIEnviroments.swift; sourceTree = "<group>"; };
		B11BAAD52D10072200F50D79 /* APIRequest.swift */ = {isa = PBXFileReference; lastKnownFileType = sourcecode.swift; path = APIRequest.swift; sourceTree = "<group>"; };
		B11BAAD72D101BFB00F50D79 /* APIOperation.swift */ = {isa = PBXFileReference; lastKnownFileType = sourcecode.swift; path = APIOperation.swift; sourceTree = "<group>"; };
		B11BAAE02D101D9200F50D79 /* PhotoTableViewCell.swift */ = {isa = PBXFileReference; lastKnownFileType = sourcecode.swift; path = PhotoTableViewCell.swift; sourceTree = "<group>"; };
		B11BAAE32D10235500F50D79 /* APIPhotoUsecase.swift */ = {isa = PBXFileReference; lastKnownFileType = sourcecode.swift; path = APIPhotoUsecase.swift; sourceTree = "<group>"; };
		B11BAAE52D10243D00F50D79 /* UIImageView.swift */ = {isa = PBXFileReference; lastKnownFileType = sourcecode.swift; path = UIImageView.swift; sourceTree = "<group>"; };
		B11BAAE72D111A2C00F50D79 /* String.swift */ = {isa = PBXFileReference; lastKnownFileType = sourcecode.swift; path = String.swift; sourceTree = "<group>"; };
		B11BAAEF2D11A7FC00F50D79 /* Notification.swift */ = {isa = PBXFileReference; lastKnownFileType = sourcecode.swift; path = Notification.swift; sourceTree = "<group>"; };
		B11BAAF22D11B00800F50D79 /* CustomIndicator.swift */ = {isa = PBXFileReference; lastKnownFileType = sourcecode.swift; path = CustomIndicator.swift; sourceTree = "<group>"; };
		B11BAAF52D12E30500F50D79 /* NetworkMonitor.swift */ = {isa = PBXFileReference; lastKnownFileType = sourcecode.swift; path = NetworkMonitor.swift; sourceTree = "<group>"; };
		B18F133A2D1369FD004F3BC1 /* SearchBarHelper.swift */ = {isa = PBXFileReference; lastKnownFileType = sourcecode.swift; path = SearchBarHelper.swift; sourceTree = "<group>"; };
/* End PBXFileReference section */

/* Begin PBXFrameworksBuildPhase section */
		B11BAA882D0FF96700F50D79 /* Frameworks */ = {
			isa = PBXFrameworksBuildPhase;
			buildActionMask = 2147483647;
			files = (
			);
			runOnlyForDeploymentPostprocessing = 0;
		};
		B11BAA9E2D0FF96E00F50D79 /* Frameworks */ = {
			isa = PBXFrameworksBuildPhase;
			buildActionMask = 2147483647;
			files = (
			);
			runOnlyForDeploymentPostprocessing = 0;
		};
		B11BAAA82D0FF96F00F50D79 /* Frameworks */ = {
			isa = PBXFrameworksBuildPhase;
			buildActionMask = 2147483647;
			files = (
			);
			runOnlyForDeploymentPostprocessing = 0;
		};
/* End PBXFrameworksBuildPhase section */

/* Begin PBXGroup section */
		4205BAE42EA5DEEC00BE1FFD /* Domain */ = {
			isa = PBXGroup;
			children = (
				4205BBC12EA5E65700BE1FFD /* Errors */,
				424D359D2DCF4F4E00ADD05B /* UseCase */,
				4205BAE82EA5DF0600BE1FFD /* Entities */,
			);
			path = Domain;
			sourceTree = "<group>";
		};
		4205BAE82EA5DF0600BE1FFD /* Entities */ = {
			isa = PBXGroup;
			children = (
				B11BAAD12D10060A00F50D79 /* PhotoModel.swift */,
			);
			path = Entities;
			sourceTree = "<group>";
		};
		4205BB0C2EA5E24F00BE1FFD /* UseCase */ = {
			isa = PBXGroup;
			children = (
				B11BAAE32D10235500F50D79 /* APIPhotoUsecase.swift */,
				424D35A22DCF51E600ADD05B /* APIPhotoUsecaseProvider.swift */,
			);
			path = UseCase;
			sourceTree = "<group>";
		};
		4205BB0D2EA5E25900BE1FFD /* DTOs */ = {
			isa = PBXGroup;
			children = (
				4205BBBD2EA5E2A700BE1FFD /* PhotoDTOs.swift */,
			);
			path = DTOs;
			sourceTree = "<group>";
		};
		4205BBBC2EA5E28900BE1FFD /* Mapper */ = {
			isa = PBXGroup;
			children = (
				4205BBBF2EA5E2D100BE1FFD /* PhotoMapper.swift */,
			);
			path = Mapper;
			sourceTree = "<group>";
		};
		4205BBC12EA5E65700BE1FFD /* Errors */ = {
			isa = PBXGroup;
			children = (
				42BB1DE82DCB1F78003AAD9B /* DomainAPIsError.swift */,
				42CBE1122EABBB2D00580EAB /* DomainImageError.swift */,
			);
			path = Errors;
			sourceTree = "<group>";
		};
		4205BBC22EA5E7A200BE1FFD /* APIService */ = {
			isa = PBXGroup;
			children = (
				424D35A62DCF67DC00ADD05B /* RequestValue */,
				4205BBC42EA5E7F300BE1FFD /* URLRequest+Ex */,
				B11BAAC42D0FFCDA00F50D79 /* Enviroments */,
			);
			path = APIService;
			sourceTree = "<group>";
		};
		4205BBC42EA5E7F300BE1FFD /* URLRequest+Ex */ = {
			isa = PBXGroup;
			children = (
				42CBE1162EB3644D00580EAB /* PinningSessionDelegate.swift */,
				4205BBC52EA5E82000BE1FFD /* URLRequest+Ex.swift */,
			);
			path = "URLRequest+Ex";
			sourceTree = "<group>";
		};
		4205BBC72EA5E8C600BE1FFD /* APIs */ = {
			isa = PBXGroup;
			children = (
				4205BBC82EA5E8D000BE1FFD /* PhotoApi.swift */,
			);
			path = APIs;
			sourceTree = "<group>";
		};
		4205BBCA2EA5EA1500BE1FFD /* Utilities */ = {
			isa = PBXGroup;
			children = (
				42CBE1102EAB9B8600580EAB /* GraphicRecommend.swift */,
				42BB1DEB2DCB1FD4003AAD9B /* ImageDownloader.swift */,
			);
			path = Utilities;
			sourceTree = "<group>";
		};
		424D359D2DCF4F4E00ADD05B /* UseCase */ = {
			isa = PBXGroup;
			children = (
				424D359E2DCF4F6000ADD05B /* PhotoUseCase.swift */,
				424D35A02DCF508200ADD05B /* PhotoUseCaseProvider.swift */,
			);
			path = UseCase;
			sourceTree = "<group>";
		};
		424D35A62DCF67DC00ADD05B /* RequestValue */ = {
			isa = PBXGroup;
			children = (
				424D35A72DCF67E600ADD05B /* Content-Type.swift */,
				424D35A92DCF68B500ADD05B /* HeaderField.swift */,
			);
			path = RequestValue;
			sourceTree = "<group>";
		};
		424D35B12DD2EF1000ADD05B /* Combine */ = {
			isa = PBXGroup;
			children = (
				42A9397A2E7FD53000E707A7 /* TrackErrors.swift */,
				424D35B62DD3828A00ADD05B /* SearchBarMultiplexer+Combine.swift */,
				424D35B42DD2F58B00ADD05B /* SearchBar+Combine.swift */,
				424D35B22DD2EF3600ADD05B /* TextField+Combine.swift */,
				424D35AD2DD2E4CB00ADD05B /* UIButton+Combine.swift */,
				424D35AF2DD2EC4500ADD05B /* UISwitch+Combine.swift */,
			);
			path = Combine;
			sourceTree = "<group>";
		};
		42A939752E7D991A00E707A7 /* Common */ = {
			isa = PBXGroup;
			children = (
				42A939762E7D991E00E707A7 /* ViewModelType.swift */,
			);
			path = Common;
			sourceTree = "<group>";
		};
		B11BAA822D0FF96700F50D79 = {
			isa = PBXGroup;
			children = (
				B11BAA8D2D0FF96700F50D79 /* ListPhoto */,
				B11BAAA42D0FF96E00F50D79 /* ListPhotoTests */,
				B11BAAAE2D0FF96F00F50D79 /* ListPhotoUITests */,
				B11BAA8C2D0FF96700F50D79 /* Products */,
			);
			sourceTree = "<group>";
		};
		B11BAA8C2D0FF96700F50D79 /* Products */ = {
			isa = PBXGroup;
			children = (
				B11BAA8B2D0FF96700F50D79 /* ListPhoto.app */,
				B11BAAA12D0FF96E00F50D79 /* ListPhotoTests.xctest */,
				B11BAAAB2D0FF96F00F50D79 /* ListPhotoUITests.xctest */,
			);
			name = Products;
			sourceTree = "<group>";
		};
		B11BAA8D2D0FF96700F50D79 /* ListPhoto */ = {
			isa = PBXGroup;
			children = (
				B11BAABE2D0FFAA600F50D79 /* Resource */,
				4205BAE42EA5DEEC00BE1FFD /* Domain */,
				B11BAAE22D10233E00F50D79 /* DataLayer */,
				42A939752E7D991A00E707A7 /* Common */,
				4205BBCA2EA5EA1500BE1FFD /* Utilities */,
				B11BAAF42D12E2EB00F50D79 /* Helper */,
				B11BAAF12D11AFEE00F50D79 /* CustomView */,
				B11BAAC62D0FFD6200F50D79 /* Extension */,
				B11BAAC02D0FFAE900F50D79 /* Modules */,
				B11BAABF2D0FFACE00F50D79 /* Application */,
				B11BAA9C2D0FF96D00F50D79 /* Info.plist */,
			);
			path = ListPhoto;
			sourceTree = "<group>";
		};
		B11BAAA42D0FF96E00F50D79 /* ListPhotoTests */ = {
			isa = PBXGroup;
			children = (
				B11BAAA52D0FF96E00F50D79 /* ListPhotoTests.swift */,
			);
			path = ListPhotoTests;
			sourceTree = "<group>";
		};
		B11BAAAE2D0FF96F00F50D79 /* ListPhotoUITests */ = {
			isa = PBXGroup;
			children = (
				B11BAAAF2D0FF96F00F50D79 /* ListPhotoUITests.swift */,
				B11BAAB12D0FF96F00F50D79 /* ListPhotoUITestsLaunchTests.swift */,
			);
			path = ListPhotoUITests;
			sourceTree = "<group>";
		};
		B11BAABE2D0FFAA600F50D79 /* Resource */ = {
			isa = PBXGroup;
			children = (
				B11BAA972D0FF96D00F50D79 /* Assets.xcassets */,
			);
			path = Resource;
			sourceTree = "<group>";
		};
		B11BAABF2D0FFACE00F50D79 /* Application */ = {
			isa = PBXGroup;
			children = (
				B11BAA8E2D0FF96700F50D79 /* AppDelegate.swift */,
				B11BAA992D0FF96D00F50D79 /* LaunchScreen.storyboard */,
			);
			path = Application;
			sourceTree = "<group>";
		};
		B11BAAC02D0FFAE900F50D79 /* Modules */ = {
			isa = PBXGroup;
			children = (
				B11BAACA2D0FFE1200F50D79 /* ViewModel */,
				B11BAAC92D0FFE0200F50D79 /* Navigator */,
				B11BAADD2D101D6100F50D79 /* Cell */,
				B11BAAC12D0FFAF900F50D79 /* WelcomeViewController.swift */,
				B11BAACB2D0FFE2900F50D79 /* ListPhotoViewController.swift */,
				424D35AB2DCFAC8200ADD05B /* BaseViewController.swift */,
			);
			path = Modules;
			sourceTree = "<group>";
		};
		B11BAAC42D0FFCDA00F50D79 /* Enviroments */ = {
			isa = PBXGroup;
			children = (
				B11BAAD32D1006D100F50D79 /* APIEnviroments.swift */,
				B11BAAD52D10072200F50D79 /* APIRequest.swift */,
				B11BAAD72D101BFB00F50D79 /* APIOperation.swift */,
			);
			path = Enviroments;
			sourceTree = "<group>";
		};
		B11BAAC62D0FFD6200F50D79 /* Extension */ = {
			isa = PBXGroup;
			children = (
				424D35B12DD2EF1000ADD05B /* Combine */,
				B11BAAE52D10243D00F50D79 /* UIImageView.swift */,
				B11BAAE72D111A2C00F50D79 /* String.swift */,
				B11BAAEF2D11A7FC00F50D79 /* Notification.swift */,
				B18F133A2D1369FD004F3BC1 /* SearchBarHelper.swift */,
				42A939782E7FBCFD00E707A7 /* UIViewEx.swift */,
			);
			path = Extension;
			sourceTree = "<group>";
		};
		B11BAAC92D0FFE0200F50D79 /* Navigator */ = {
			isa = PBXGroup;
			children = (
				B11BAACD2D0FFE5900F50D79 /* GenerateListNavigator.swift */,
			);
			path = Navigator;
			sourceTree = "<group>";
		};
		B11BAACA2D0FFE1200F50D79 /* ViewModel */ = {
			isa = PBXGroup;
			children = (
				B11BAACF2D0FFE6C00F50D79 /* PhotoViewModel.swift */,
			);
			path = ViewModel;
			sourceTree = "<group>";
		};
		B11BAADD2D101D6100F50D79 /* Cell */ = {
			isa = PBXGroup;
			children = (
				B11BAAE02D101D9200F50D79 /* PhotoTableViewCell.swift */,
			);
			path = Cell;
			sourceTree = "<group>";
		};
		B11BAAE22D10233E00F50D79 /* DataLayer */ = {
			isa = PBXGroup;
			children = (
				4205BBC72EA5E8C600BE1FFD /* APIs */,
				4205BBC22EA5E7A200BE1FFD /* APIService */,
				4205BB0C2EA5E24F00BE1FFD /* UseCase */,
				4205BB0D2EA5E25900BE1FFD /* DTOs */,
				4205BBBC2EA5E28900BE1FFD /* Mapper */,
			);
			path = DataLayer;
			sourceTree = "<group>";
		};
		B11BAAF12D11AFEE00F50D79 /* CustomView */ = {
			isa = PBXGroup;
			children = (
				B11BAAF22D11B00800F50D79 /* CustomIndicator.swift */,
				42BB1DEF2DCB550D003AAD9B /* CustomeLoading.swift */,
			);
			path = CustomView;
			sourceTree = "<group>";
		};
		B11BAAF42D12E2EB00F50D79 /* Helper */ = {
			isa = PBXGroup;
			children = (
				B11BAAF52D12E30500F50D79 /* NetworkMonitor.swift */,
			);
			path = Helper;
			sourceTree = "<group>";
		};
/* End PBXGroup section */

/* Begin PBXNativeTarget section */
		B11BAA8A2D0FF96700F50D79 /* ListPhoto */ = {
			isa = PBXNativeTarget;
			buildConfigurationList = B11BAAB52D0FF96F00F50D79 /* Build configuration list for PBXNativeTarget "ListPhoto" */;
			buildPhases = (
				B11BAA872D0FF96700F50D79 /* Sources */,
				B11BAA882D0FF96700F50D79 /* Frameworks */,
				B11BAA892D0FF96700F50D79 /* Resources */,
			);
			buildRules = (
			);
			dependencies = (
			);
			name = ListPhoto;
			productName = ListPhoto;
			productReference = B11BAA8B2D0FF96700F50D79 /* ListPhoto.app */;
			productType = "com.apple.product-type.application";
		};
		B11BAAA02D0FF96E00F50D79 /* ListPhotoTests */ = {
			isa = PBXNativeTarget;
			buildConfigurationList = B11BAAB82D0FF96F00F50D79 /* Build configuration list for PBXNativeTarget "ListPhotoTests" */;
			buildPhases = (
				B11BAA9D2D0FF96E00F50D79 /* Sources */,
				B11BAA9E2D0FF96E00F50D79 /* Frameworks */,
				B11BAA9F2D0FF96E00F50D79 /* Resources */,
			);
			buildRules = (
			);
			dependencies = (
				B11BAAA32D0FF96E00F50D79 /* PBXTargetDependency */,
			);
			name = ListPhotoTests;
			productName = ListPhotoTests;
			productReference = B11BAAA12D0FF96E00F50D79 /* ListPhotoTests.xctest */;
			productType = "com.apple.product-type.bundle.unit-test";
		};
		B11BAAAA2D0FF96F00F50D79 /* ListPhotoUITests */ = {
			isa = PBXNativeTarget;
			buildConfigurationList = B11BAABB2D0FF96F00F50D79 /* Build configuration list for PBXNativeTarget "ListPhotoUITests" */;
			buildPhases = (
				B11BAAA72D0FF96F00F50D79 /* Sources */,
				B11BAAA82D0FF96F00F50D79 /* Frameworks */,
				B11BAAA92D0FF96F00F50D79 /* Resources */,
			);
			buildRules = (
			);
			dependencies = (
				B11BAAAD2D0FF96F00F50D79 /* PBXTargetDependency */,
			);
			name = ListPhotoUITests;
			productName = ListPhotoUITests;
			productReference = B11BAAAB2D0FF96F00F50D79 /* ListPhotoUITests.xctest */;
			productType = "com.apple.product-type.bundle.ui-testing";
		};
/* End PBXNativeTarget section */

/* Begin PBXProject section */
		B11BAA832D0FF96700F50D79 /* Project object */ = {
			isa = PBXProject;
			attributes = {
				BuildIndependentTargetsInParallel = 1;
				LastSwiftUpdateCheck = 1540;
				LastUpgradeCheck = 1540;
				TargetAttributes = {
					B11BAA8A2D0FF96700F50D79 = {
						CreatedOnToolsVersion = 15.4;
					};
					B11BAAA02D0FF96E00F50D79 = {
						CreatedOnToolsVersion = 15.4;
						TestTargetID = B11BAA8A2D0FF96700F50D79;
					};
					B11BAAAA2D0FF96F00F50D79 = {
						CreatedOnToolsVersion = 15.4;
						TestTargetID = B11BAA8A2D0FF96700F50D79;
					};
				};
			};
			buildConfigurationList = B11BAA862D0FF96700F50D79 /* Build configuration list for PBXProject "ListPhoto" */;
			compatibilityVersion = "Xcode 14.0";
			developmentRegion = en;
			hasScannedForEncodings = 0;
			knownRegions = (
				en,
				Base,
			);
			mainGroup = B11BAA822D0FF96700F50D79;
			productRefGroup = B11BAA8C2D0FF96700F50D79 /* Products */;
			projectDirPath = "";
			projectRoot = "";
			targets = (
				B11BAA8A2D0FF96700F50D79 /* ListPhoto */,
				B11BAAA02D0FF96E00F50D79 /* ListPhotoTests */,
				B11BAAAA2D0FF96F00F50D79 /* ListPhotoUITests */,
			);
		};
/* End PBXProject section */

/* Begin PBXResourcesBuildPhase section */
		B11BAA892D0FF96700F50D79 /* Resources */ = {
			isa = PBXResourcesBuildPhase;
			buildActionMask = 2147483647;
			files = (
				B11BAA982D0FF96D00F50D79 /* Assets.xcassets in Resources */,
				B11BAA9B2D0FF96D00F50D79 /* Base in Resources */,
			);
			runOnlyForDeploymentPostprocessing = 0;
		};
		B11BAA9F2D0FF96E00F50D79 /* Resources */ = {
			isa = PBXResourcesBuildPhase;
			buildActionMask = 2147483647;
			files = (
			);
			runOnlyForDeploymentPostprocessing = 0;
		};
		B11BAAA92D0FF96F00F50D79 /* Resources */ = {
			isa = PBXResourcesBuildPhase;
			buildActionMask = 2147483647;
			files = (
			);
			runOnlyForDeploymentPostprocessing = 0;
		};
/* End PBXResourcesBuildPhase section */

/* Begin PBXSourcesBuildPhase section */
		B11BAA872D0FF96700F50D79 /* Sources */ = {
			isa = PBXSourcesBuildPhase;
			buildActionMask = 2147483647;
			files = (
				424D35B02DD2EC4500ADD05B /* UISwitch+Combine.swift in Sources */,
				424D35B32DD2EF3D00ADD05B /* TextField+Combine.swift in Sources */,
				B11BAAD02D0FFE6C00F50D79 /* PhotoViewModel.swift in Sources */,
				4205BBBE2EA5E2AB00BE1FFD /* PhotoDTOs.swift in Sources */,
				B11BAAF32D11B00800F50D79 /* CustomIndicator.swift in Sources */,
				424D35A32DCF51E600ADD05B /* APIPhotoUsecaseProvider.swift in Sources */,
				42CBE1132EABBB3600580EAB /* DomainImageError.swift in Sources */,
				424D35B52DD2F59200ADD05B /* SearchBar+Combine.swift in Sources */,
				424D359F2DCF4F6E00ADD05B /* PhotoUseCase.swift in Sources */,
				B11BAAF02D11A7FC00F50D79 /* Notification.swift in Sources */,
				424D35AC2DCFAC8200ADD05B /* BaseViewController.swift in Sources */,
				42A939792E7FBD0100E707A7 /* UIViewEx.swift in Sources */,
				42BB1DE92DCB1F7F003AAD9B /* DomainAPIsError.swift in Sources */,
				B11BAAE62D10243D00F50D79 /* UIImageView.swift in Sources */,
				42A939772E7D992400E707A7 /* ViewModelType.swift in Sources */,
				B11BAACE2D0FFE5900F50D79 /* GenerateListNavigator.swift in Sources */,
				B11BAAD42D1006D100F50D79 /* APIEnviroments.swift in Sources */,
				42CBE1172EB3644E00580EAB /* PinningSessionDelegate.swift in Sources */,
				B11BAAF62D12E30500F50D79 /* NetworkMonitor.swift in Sources */,
				B11BAACC2D0FFE2900F50D79 /* ListPhotoViewController.swift in Sources */,
				B11BAAD22D10060A00F50D79 /* PhotoModel.swift in Sources */,
				424D35A12DCF508400ADD05B /* PhotoUseCaseProvider.swift in Sources */,
				4205BBC62EA5E82700BE1FFD /* URLRequest+Ex.swift in Sources */,
				4205BBC92EA5E8DF00BE1FFD /* PhotoApi.swift in Sources */,
				B11BAAD82D101BFB00F50D79 /* APIOperation.swift in Sources */,
				424D35A82DCF67F400ADD05B /* Content-Type.swift in Sources */,
				424D35AA2DCF68B700ADD05B /* HeaderField.swift in Sources */,
				B11BAAE12D101D9200F50D79 /* PhotoTableViewCell.swift in Sources */,
				42A9397B2E7FD53400E707A7 /* TrackErrors.swift in Sources */,
				B11BAA8F2D0FF96700F50D79 /* AppDelegate.swift in Sources */,
				424D35B72DD382A400ADD05B /* SearchBarMultiplexer+Combine.swift in Sources */,
				B18F133B2D1369FD004F3BC1 /* SearchBarHelper.swift in Sources */,
				B11BAAE42D10235500F50D79 /* APIPhotoUsecase.swift in Sources */,
				B11BAAE82D111A2C00F50D79 /* String.swift in Sources */,
				42CBE1112EAB9B9100580EAB /* GraphicRecommend.swift in Sources */,
				4205BBC02EA5E2D700BE1FFD /* PhotoMapper.swift in Sources */,
				B11BAAD62D10072200F50D79 /* APIRequest.swift in Sources */,
				42BB1DEC2DCB1FD7003AAD9B /* ImageDownloader.swift in Sources */,
				424D35AE2DD2E4D100ADD05B /* UIButton+Combine.swift in Sources */,
				42BB1DF02DCB5512003AAD9B /* CustomeLoading.swift in Sources */,
				B11BAAC22D0FFAF900F50D79 /* WelcomeViewController.swift in Sources */,
			);
			runOnlyForDeploymentPostprocessing = 0;
		};
		B11BAA9D2D0FF96E00F50D79 /* Sources */ = {
			isa = PBXSourcesBuildPhase;
			buildActionMask = 2147483647;
			files = (
				B11BAAA62D0FF96E00F50D79 /* ListPhotoTests.swift in Sources */,
			);
			runOnlyForDeploymentPostprocessing = 0;
		};
		B11BAAA72D0FF96F00F50D79 /* Sources */ = {
			isa = PBXSourcesBuildPhase;
			buildActionMask = 2147483647;
			files = (
				B11BAAB02D0FF96F00F50D79 /* ListPhotoUITests.swift in Sources */,
				B11BAAB22D0FF96F00F50D79 /* ListPhotoUITestsLaunchTests.swift in Sources */,
			);
			runOnlyForDeploymentPostprocessing = 0;
		};
/* End PBXSourcesBuildPhase section */

/* Begin PBXTargetDependency section */
		B11BAAA32D0FF96E00F50D79 /* PBXTargetDependency */ = {
			isa = PBXTargetDependency;
			target = B11BAA8A2D0FF96700F50D79 /* ListPhoto */;
			targetProxy = B11BAAA22D0FF96E00F50D79 /* PBXContainerItemProxy */;
		};
		B11BAAAD2D0FF96F00F50D79 /* PBXTargetDependency */ = {
			isa = PBXTargetDependency;
			target = B11BAA8A2D0FF96700F50D79 /* ListPhoto */;
			targetProxy = B11BAAAC2D0FF96F00F50D79 /* PBXContainerItemProxy */;
		};
/* End PBXTargetDependency section */

/* Begin PBXVariantGroup section */
		B11BAA992D0FF96D00F50D79 /* LaunchScreen.storyboard */ = {
			isa = PBXVariantGroup;
			children = (
				B11BAA9A2D0FF96D00F50D79 /* Base */,
			);
			name = LaunchScreen.storyboard;
			sourceTree = "<group>";
		};
/* End PBXVariantGroup section */

/* Begin XCBuildConfiguration section */
		B11BAAB32D0FF96F00F50D79 /* Debug */ = {
			isa = XCBuildConfiguration;
			buildSettings = {
				ALWAYS_SEARCH_USER_PATHS = NO;
				ASSETCATALOG_COMPILER_GENERATE_SWIFT_ASSET_SYMBOL_EXTENSIONS = YES;
				CLANG_ANALYZER_NONNULL = YES;
				CLANG_ANALYZER_NUMBER_OBJECT_CONVERSION = YES_AGGRESSIVE;
				CLANG_CXX_LANGUAGE_STANDARD = "gnu++20";
				CLANG_ENABLE_MODULES = YES;
				CLANG_ENABLE_OBJC_ARC = YES;
				CLANG_ENABLE_OBJC_WEAK = YES;
				CLANG_WARN_BLOCK_CAPTURE_AUTORELEASING = YES;
				CLANG_WARN_BOOL_CONVERSION = YES;
				CLANG_WARN_COMMA = YES;
				CLANG_WARN_CONSTANT_CONVERSION = YES;
				CLANG_WARN_DEPRECATED_OBJC_IMPLEMENTATIONS = YES;
				CLANG_WARN_DIRECT_OBJC_ISA_USAGE = YES_ERROR;
				CLANG_WARN_DOCUMENTATION_COMMENTS = YES;
				CLANG_WARN_EMPTY_BODY = YES;
				CLANG_WARN_ENUM_CONVERSION = YES;
				CLANG_WARN_INFINITE_RECURSION = YES;
				CLANG_WARN_INT_CONVERSION = YES;
				CLANG_WARN_NON_LITERAL_NULL_CONVERSION = YES;
				CLANG_WARN_OBJC_IMPLICIT_RETAIN_SELF = YES;
				CLANG_WARN_OBJC_LITERAL_CONVERSION = YES;
				CLANG_WARN_OBJC_ROOT_CLASS = YES_ERROR;
				CLANG_WARN_QUOTED_INCLUDE_IN_FRAMEWORK_HEADER = YES;
				CLANG_WARN_RANGE_LOOP_ANALYSIS = YES;
				CLANG_WARN_STRICT_PROTOTYPES = YES;
				CLANG_WARN_SUSPICIOUS_MOVE = YES;
				CLANG_WARN_UNGUARDED_AVAILABILITY = YES_AGGRESSIVE;
				CLANG_WARN_UNREACHABLE_CODE = YES;
				CLANG_WARN__DUPLICATE_METHOD_MATCH = YES;
				COPY_PHASE_STRIP = NO;
				DEBUG_INFORMATION_FORMAT = dwarf;
				ENABLE_STRICT_OBJC_MSGSEND = YES;
				ENABLE_TESTABILITY = YES;
				ENABLE_USER_SCRIPT_SANDBOXING = YES;
				GCC_C_LANGUAGE_STANDARD = gnu17;
				GCC_DYNAMIC_NO_PIC = NO;
				GCC_NO_COMMON_BLOCKS = YES;
				GCC_OPTIMIZATION_LEVEL = 0;
				GCC_PREPROCESSOR_DEFINITIONS = (
					"DEBUG=1",
					"$(inherited)",
				);
				GCC_WARN_64_TO_32_BIT_CONVERSION = YES;
				GCC_WARN_ABOUT_RETURN_TYPE = YES_ERROR;
				GCC_WARN_UNDECLARED_SELECTOR = YES;
				GCC_WARN_UNINITIALIZED_AUTOS = YES_AGGRESSIVE;
				GCC_WARN_UNUSED_FUNCTION = YES;
				GCC_WARN_UNUSED_VARIABLE = YES;
				IPHONEOS_DEPLOYMENT_TARGET = 17.5;
				LOCALIZATION_PREFERS_STRING_CATALOGS = YES;
				MTL_ENABLE_DEBUG_INFO = INCLUDE_SOURCE;
				MTL_FAST_MATH = YES;
				ONLY_ACTIVE_ARCH = YES;
				SDKROOT = iphoneos;
				SWIFT_ACTIVE_COMPILATION_CONDITIONS = "DEBUG $(inherited)";
				SWIFT_OPTIMIZATION_LEVEL = "-Onone";
			};
			name = Debug;
		};
		B11BAAB42D0FF96F00F50D79 /* Release */ = {
			isa = XCBuildConfiguration;
			buildSettings = {
				ALWAYS_SEARCH_USER_PATHS = NO;
				ASSETCATALOG_COMPILER_GENERATE_SWIFT_ASSET_SYMBOL_EXTENSIONS = YES;
				CLANG_ANALYZER_NONNULL = YES;
				CLANG_ANALYZER_NUMBER_OBJECT_CONVERSION = YES_AGGRESSIVE;
				CLANG_CXX_LANGUAGE_STANDARD = "gnu++20";
				CLANG_ENABLE_MODULES = YES;
				CLANG_ENABLE_OBJC_ARC = YES;
				CLANG_ENABLE_OBJC_WEAK = YES;
				CLANG_WARN_BLOCK_CAPTURE_AUTORELEASING = YES;
				CLANG_WARN_BOOL_CONVERSION = YES;
				CLANG_WARN_COMMA = YES;
				CLANG_WARN_CONSTANT_CONVERSION = YES;
				CLANG_WARN_DEPRECATED_OBJC_IMPLEMENTATIONS = YES;
				CLANG_WARN_DIRECT_OBJC_ISA_USAGE = YES_ERROR;
				CLANG_WARN_DOCUMENTATION_COMMENTS = YES;
				CLANG_WARN_EMPTY_BODY = YES;
				CLANG_WARN_ENUM_CONVERSION = YES;
				CLANG_WARN_INFINITE_RECURSION = YES;
				CLANG_WARN_INT_CONVERSION = YES;
				CLANG_WARN_NON_LITERAL_NULL_CONVERSION = YES;
				CLANG_WARN_OBJC_IMPLICIT_RETAIN_SELF = YES;
				CLANG_WARN_OBJC_LITERAL_CONVERSION = YES;
				CLANG_WARN_OBJC_ROOT_CLASS = YES_ERROR;
				CLANG_WARN_QUOTED_INCLUDE_IN_FRAMEWORK_HEADER = YES;
				CLANG_WARN_RANGE_LOOP_ANALYSIS = YES;
				CLANG_WARN_STRICT_PROTOTYPES = YES;
				CLANG_WARN_SUSPICIOUS_MOVE = YES;
				CLANG_WARN_UNGUARDED_AVAILABILITY = YES_AGGRESSIVE;
				CLANG_WARN_UNREACHABLE_CODE = YES;
				CLANG_WARN__DUPLICATE_METHOD_MATCH = YES;
				COPY_PHASE_STRIP = NO;
				DEBUG_INFORMATION_FORMAT = "dwarf-with-dsym";
				ENABLE_NS_ASSERTIONS = NO;
				ENABLE_STRICT_OBJC_MSGSEND = YES;
				ENABLE_USER_SCRIPT_SANDBOXING = YES;
				GCC_C_LANGUAGE_STANDARD = gnu17;
				GCC_NO_COMMON_BLOCKS = YES;
				GCC_WARN_64_TO_32_BIT_CONVERSION = YES;
				GCC_WARN_ABOUT_RETURN_TYPE = YES_ERROR;
				GCC_WARN_UNDECLARED_SELECTOR = YES;
				GCC_WARN_UNINITIALIZED_AUTOS = YES_AGGRESSIVE;
				GCC_WARN_UNUSED_FUNCTION = YES;
				GCC_WARN_UNUSED_VARIABLE = YES;
				IPHONEOS_DEPLOYMENT_TARGET = 17.5;
				LOCALIZATION_PREFERS_STRING_CATALOGS = YES;
				MTL_ENABLE_DEBUG_INFO = NO;
				MTL_FAST_MATH = YES;
				SDKROOT = iphoneos;
				SWIFT_COMPILATION_MODE = wholemodule;
				VALIDATE_PRODUCT = YES;
			};
			name = Release;
		};
		B11BAAB62D0FF96F00F50D79 /* Debug */ = {
			isa = XCBuildConfiguration;
			buildSettings = {
				ASSETCATALOG_COMPILER_APPICON_NAME = AppIcon;
				ASSETCATALOG_COMPILER_GLOBAL_ACCENT_COLOR_NAME = AccentColor;
				CODE_SIGN_STYLE = Automatic;
				CURRENT_PROJECT_VERSION = 1;
				DEVELOPMENT_TEAM = F8FC62T239;
				GENERATE_INFOPLIST_FILE = YES;
				INFOPLIST_FILE = ListPhoto/Info.plist;
				INFOPLIST_KEY_CFBundleDisplayName = "List Photo";
				INFOPLIST_KEY_UIApplicationSupportsIndirectInputEvents = YES;
				INFOPLIST_KEY_UILaunchStoryboardName = LaunchScreen;
				INFOPLIST_KEY_UISupportedInterfaceOrientations_iPad = "UIInterfaceOrientationPortrait UIInterfaceOrientationPortraitUpsideDown UIInterfaceOrientationLandscapeLeft UIInterfaceOrientationLandscapeRight";
				INFOPLIST_KEY_UISupportedInterfaceOrientations_iPhone = "UIInterfaceOrientationPortrait UIInterfaceOrientationLandscapeLeft UIInterfaceOrientationLandscapeRight";
				IPHONEOS_DEPLOYMENT_TARGET = 13.0;
				LD_RUNPATH_SEARCH_PATHS = (
					"$(inherited)",
					"@executable_path/Frameworks",
				);
				MARKETING_VERSION = 1.0;
				PRODUCT_BUNDLE_IDENTIFIER = listphoto.duc.ListPhoto;
				PRODUCT_NAME = "$(TARGET_NAME)";
				SWIFT_EMIT_LOC_STRINGS = YES;
				SWIFT_VERSION = 5.0;
				TARGETED_DEVICE_FAMILY = "1,2";
			};
			name = Debug;
		};
		B11BAAB72D0FF96F00F50D79 /* Release */ = {
			isa = XCBuildConfiguration;
			buildSettings = {
				ASSETCATALOG_COMPILER_APPICON_NAME = AppIcon;
				ASSETCATALOG_COMPILER_GLOBAL_ACCENT_COLOR_NAME = AccentColor;
				CODE_SIGN_STYLE = Automatic;
				CURRENT_PROJECT_VERSION = 1;
				DEVELOPMENT_TEAM = F8FC62T239;
				GENERATE_INFOPLIST_FILE = YES;
				INFOPLIST_FILE = ListPhoto/Info.plist;
				INFOPLIST_KEY_CFBundleDisplayName = "List Photo";
				INFOPLIST_KEY_UIApplicationSupportsIndirectInputEvents = YES;
				INFOPLIST_KEY_UILaunchStoryboardName = LaunchScreen;
				INFOPLIST_KEY_UISupportedInterfaceOrientations_iPad = "UIInterfaceOrientationPortrait UIInterfaceOrientationPortraitUpsideDown UIInterfaceOrientationLandscapeLeft UIInterfaceOrientationLandscapeRight";
				INFOPLIST_KEY_UISupportedInterfaceOrientations_iPhone = "UIInterfaceOrientationPortrait UIInterfaceOrientationLandscapeLeft UIInterfaceOrientationLandscapeRight";
				IPHONEOS_DEPLOYMENT_TARGET = 13.0;
				LD_RUNPATH_SEARCH_PATHS = (
					"$(inherited)",
					"@executable_path/Frameworks",
				);
				MARKETING_VERSION = 1.0;
				PRODUCT_BUNDLE_IDENTIFIER = listphoto.duc.ListPhoto;
				PRODUCT_NAME = "$(TARGET_NAME)";
				SWIFT_EMIT_LOC_STRINGS = YES;
				SWIFT_VERSION = 5.0;
				TARGETED_DEVICE_FAMILY = "1,2";
			};
			name = Release;
		};
		B11BAAB92D0FF96F00F50D79 /* Debug */ = {
			isa = XCBuildConfiguration;
			buildSettings = {
				ALWAYS_EMBED_SWIFT_STANDARD_LIBRARIES = YES;
				BUNDLE_LOADER = "$(TEST_HOST)";
				CODE_SIGN_STYLE = Automatic;
				CURRENT_PROJECT_VERSION = 1;
				DEVELOPMENT_TEAM = F8FC62T239;
				GENERATE_INFOPLIST_FILE = YES;
				IPHONEOS_DEPLOYMENT_TARGET = 17.5;
				MARKETING_VERSION = 1.0;
				PRODUCT_BUNDLE_IDENTIFIER = listphoto.duc.ListPhotoTests;
				PRODUCT_NAME = "$(TARGET_NAME)";
				SWIFT_EMIT_LOC_STRINGS = NO;
				SWIFT_VERSION = 5.0;
				TARGETED_DEVICE_FAMILY = "1,2";
				TEST_HOST = "$(BUILT_PRODUCTS_DIR)/ListPhoto.app/$(BUNDLE_EXECUTABLE_FOLDER_PATH)/ListPhoto";
			};
			name = Debug;
		};
		B11BAABA2D0FF96F00F50D79 /* Release */ = {
			isa = XCBuildConfiguration;
			buildSettings = {
				ALWAYS_EMBED_SWIFT_STANDARD_LIBRARIES = YES;
				BUNDLE_LOADER = "$(TEST_HOST)";
				CODE_SIGN_STYLE = Automatic;
				CURRENT_PROJECT_VERSION = 1;
				DEVELOPMENT_TEAM = F8FC62T239;
				GENERATE_INFOPLIST_FILE = YES;
				IPHONEOS_DEPLOYMENT_TARGET = 17.5;
				MARKETING_VERSION = 1.0;
				PRODUCT_BUNDLE_IDENTIFIER = listphoto.duc.ListPhotoTests;
				PRODUCT_NAME = "$(TARGET_NAME)";
				SWIFT_EMIT_LOC_STRINGS = NO;
				SWIFT_VERSION = 5.0;
				TARGETED_DEVICE_FAMILY = "1,2";
				TEST_HOST = "$(BUILT_PRODUCTS_DIR)/ListPhoto.app/$(BUNDLE_EXECUTABLE_FOLDER_PATH)/ListPhoto";
			};
			name = Release;
		};
		B11BAABC2D0FF96F00F50D79 /* Debug */ = {
			isa = XCBuildConfiguration;
			buildSettings = {
				ALWAYS_EMBED_SWIFT_STANDARD_LIBRARIES = YES;
				CODE_SIGN_STYLE = Automatic;
				CURRENT_PROJECT_VERSION = 1;
				DEVELOPMENT_TEAM = F8FC62T239;
				GENERATE_INFOPLIST_FILE = YES;
				MARKETING_VERSION = 1.0;
				PRODUCT_BUNDLE_IDENTIFIER = listphoto.duc.ListPhotoUITests;
				PRODUCT_NAME = "$(TARGET_NAME)";
				SWIFT_EMIT_LOC_STRINGS = NO;
				SWIFT_VERSION = 5.0;
				TARGETED_DEVICE_FAMILY = "1,2";
				TEST_TARGET_NAME = ListPhoto;
			};
			name = Debug;
		};
		B11BAABD2D0FF96F00F50D79 /* Release */ = {
			isa = XCBuildConfiguration;
			buildSettings = {
				ALWAYS_EMBED_SWIFT_STANDARD_LIBRARIES = YES;
				CODE_SIGN_STYLE = Automatic;
				CURRENT_PROJECT_VERSION = 1;
				DEVELOPMENT_TEAM = F8FC62T239;
				GENERATE_INFOPLIST_FILE = YES;
				MARKETING_VERSION = 1.0;
				PRODUCT_BUNDLE_IDENTIFIER = listphoto.duc.ListPhotoUITests;
				PRODUCT_NAME = "$(TARGET_NAME)";
				SWIFT_EMIT_LOC_STRINGS = NO;
				SWIFT_VERSION = 5.0;
				TARGETED_DEVICE_FAMILY = "1,2";
				TEST_TARGET_NAME = ListPhoto;
			};
			name = Release;
		};
/* End XCBuildConfiguration section */

/* Begin XCConfigurationList section */
		B11BAA862D0FF96700F50D79 /* Build configuration list for PBXProject "ListPhoto" */ = {
			isa = XCConfigurationList;
			buildConfigurations = (
				B11BAAB32D0FF96F00F50D79 /* Debug */,
				B11BAAB42D0FF96F00F50D79 /* Release */,
			);
			defaultConfigurationIsVisible = 0;
			defaultConfigurationName = Release;
		};
		B11BAAB52D0FF96F00F50D79 /* Build configuration list for PBXNativeTarget "ListPhoto" */ = {
			isa = XCConfigurationList;
			buildConfigurations = (
				B11BAAB62D0FF96F00F50D79 /* Debug */,
				B11BAAB72D0FF96F00F50D79 /* Release */,
			);
			defaultConfigurationIsVisible = 0;
			defaultConfigurationName = Release;
		};
		B11BAAB82D0FF96F00F50D79 /* Build configuration list for PBXNativeTarget "ListPhotoTests" */ = {
			isa = XCConfigurationList;
			buildConfigurations = (
				B11BAAB92D0FF96F00F50D79 /* Debug */,
				B11BAABA2D0FF96F00F50D79 /* Release */,
			);
			defaultConfigurationIsVisible = 0;
			defaultConfigurationName = Release;
		};
		B11BAABB2D0FF96F00F50D79 /* Build configuration list for PBXNativeTarget "ListPhotoUITests" */ = {
			isa = XCConfigurationList;
			buildConfigurations = (
				B11BAABC2D0FF96F00F50D79 /* Debug */,
				B11BAABD2D0FF96F00F50D79 /* Release */,
			);
			defaultConfigurationIsVisible = 0;
			defaultConfigurationName = Release;
		};
/* End XCConfigurationList section */
	};
	rootObject = B11BAA832D0FF96700F50D79 /* Project object */;
}
